{
    "hash": "4706d5ff38c47b44d2a440e91729465c",
    "packages": [
        {
            "package": "phpseclib/phpseclib",
            "version": "dev-master",
            "source-reference": "6ee991f604837b0d0034da35a38c0dae74174370",
            "commit-date": "1340207000"
        },
        {
            "package": "pomander/pomander",
            "version": "dev-master",
            "source-reference": "100fe85aae53c5aefc40dd0ca42f9083026d1c99",
            "commit-date": "1340374237"
        }
    ],
    "packages-dev": null,
    "aliases": [

    ],
    "minimum-stability": "dev",
    "stability-flags": {
        "pomander/pomander": 20
    }
}
